// !$*UTF8*$!
{
	archiveVersion = 1;
	classes = {
	};
	objectVersion = 56;
	objects = {

/* Begin PBXBuildFile section */
		404AD7E629BEDCB900B5981D /* ItemNavbarConstants.swift in Sources */ = {isa = PBXBuildFile; fileRef = 404AD7E529BEDCB900B5981D /* ItemNavbarConstants.swift */; };
		404AD7E829BEDE3800B5981D /* ItemNavbarModel.swift in Sources */ = {isa = PBXBuildFile; fileRef = 404AD7E729BEDE3800B5981D /* ItemNavbarModel.swift */; };
		404AD7EA29BEE2EE00B5981D /* ItemNavbarViewModel.swift in Sources */ = {isa = PBXBuildFile; fileRef = 404AD7E929BEE2EE00B5981D /* ItemNavbarViewModel.swift */; };
		404AD7F129BEE7EF00B5981D /* ItemNavbarList.json in Resources */ = {isa = PBXBuildFile; fileRef = 404AD7F029BEE7EF00B5981D /* ItemNavbarList.json */; };
		404AD7F329BEE8E900B5981D /* Utils.swift in Sources */ = {isa = PBXBuildFile; fileRef = 404AD7F229BEE8E900B5981D /* Utils.swift */; };
		404AD7F629BEEA1D00B5981D /* NetworkError.swift in Sources */ = {isa = PBXBuildFile; fileRef = 404AD7F529BEEA1D00B5981D /* NetworkError.swift */; };
		4082781429B82DD6008499F0 /* Constants.swift in Sources */ = {isa = PBXBuildFile; fileRef = 4082781329B82DD6008499F0 /* Constants.swift */; };
		4082781729B82E02008499F0 /* Color+Extensions.swift in Sources */ = {isa = PBXBuildFile; fileRef = 4082781629B82E02008499F0 /* Color+Extensions.swift */; };
		4082781B29B82E40008499F0 /* Card.swift in Sources */ = {isa = PBXBuildFile; fileRef = 4082781A29B82E40008499F0 /* Card.swift */; };
		4082781F29B82E89008499F0 /* ItemNavbarView.swift in Sources */ = {isa = PBXBuildFile; fileRef = 4082781E29B82E89008499F0 /* ItemNavbarView.swift */; };
		4082782229B82EB3008499F0 /* CustomRectangle.swift in Sources */ = {isa = PBXBuildFile; fileRef = 4082782129B82EB3008499F0 /* CustomRectangle.swift */; };
		4082782829B836EB008499F0 /* TabViewMain.swift in Sources */ = {isa = PBXBuildFile; fileRef = 4082782729B836EB008499F0 /* TabViewMain.swift */; };
		4082782A29B83744008499F0 /* TabViewIcons.swift in Sources */ = {isa = PBXBuildFile; fileRef = 4082782929B83744008499F0 /* TabViewIcons.swift */; };
		40B6EDD029B82B0B0000A0F5 /* GoDoListApp.swift in Sources */ = {isa = PBXBuildFile; fileRef = 40B6EDCF29B82B0B0000A0F5 /* GoDoListApp.swift */; };
		40B6EDD229B82B0B0000A0F5 /* HomeView.swift in Sources */ = {isa = PBXBuildFile; fileRef = 40B6EDD129B82B0B0000A0F5 /* HomeView.swift */; };
		40B6EDD429B82B0C0000A0F5 /* Assets.xcassets in Resources */ = {isa = PBXBuildFile; fileRef = 40B6EDD329B82B0C0000A0F5 /* Assets.xcassets */; };
		40B6EDD729B82B0C0000A0F5 /* Preview Assets.xcassets in Resources */ = {isa = PBXBuildFile; fileRef = 40B6EDD629B82B0C0000A0F5 /* Preview Assets.xcassets */; };
/* End PBXBuildFile section */

/* Begin PBXFileReference section */
		404AD7E529BEDCB900B5981D /* ItemNavbarConstants.swift */ = {isa = PBXFileReference; lastKnownFileType = sourcecode.swift; path = ItemNavbarConstants.swift; sourceTree = "<group>"; };
		404AD7E729BEDE3800B5981D /* ItemNavbarModel.swift */ = {isa = PBXFileReference; lastKnownFileType = sourcecode.swift; path = ItemNavbarModel.swift; sourceTree = "<group>"; };
		404AD7E929BEE2EE00B5981D /* ItemNavbarViewModel.swift */ = {isa = PBXFileReference; lastKnownFileType = sourcecode.swift; path = ItemNavbarViewModel.swift; sourceTree = "<group>"; };
		404AD7F029BEE7EF00B5981D /* ItemNavbarList.json */ = {isa = PBXFileReference; lastKnownFileType = text.json; path = ItemNavbarList.json; sourceTree = "<group>"; };
		404AD7F229BEE8E900B5981D /* Utils.swift */ = {isa = PBXFileReference; lastKnownFileType = sourcecode.swift; path = Utils.swift; sourceTree = "<group>"; };
		404AD7F529BEEA1D00B5981D /* NetworkError.swift */ = {isa = PBXFileReference; lastKnownFileType = sourcecode.swift; path = NetworkError.swift; sourceTree = "<group>"; };
		4082781329B82DD6008499F0 /* Constants.swift */ = {isa = PBXFileReference; lastKnownFileType = sourcecode.swift; path = Constants.swift; sourceTree = "<group>"; };
		4082781629B82E02008499F0 /* Color+Extensions.swift */ = {isa = PBXFileReference; lastKnownFileType = sourcecode.swift; path = "Color+Extensions.swift"; sourceTree = "<group>"; };
		4082781A29B82E40008499F0 /* Card.swift */ = {isa = PBXFileReference; lastKnownFileType = sourcecode.swift; path = Card.swift; sourceTree = "<group>"; };
		4082781E29B82E89008499F0 /* ItemNavbarView.swift */ = {isa = PBXFileReference; lastKnownFileType = sourcecode.swift; path = ItemNavbarView.swift; sourceTree = "<group>"; };
		4082782129B82EB3008499F0 /* CustomRectangle.swift */ = {isa = PBXFileReference; lastKnownFileType = sourcecode.swift; path = CustomRectangle.swift; sourceTree = "<group>"; };
		4082782729B836EB008499F0 /* TabViewMain.swift */ = {isa = PBXFileReference; lastKnownFileType = sourcecode.swift; path = TabViewMain.swift; sourceTree = "<group>"; };
		4082782929B83744008499F0 /* TabViewIcons.swift */ = {isa = PBXFileReference; lastKnownFileType = sourcecode.swift; path = TabViewIcons.swift; sourceTree = "<group>"; };
		40B6EDCC29B82B0B0000A0F5 /* GoDoList.app */ = {isa = PBXFileReference; explicitFileType = wrapper.application; includeInIndex = 0; path = GoDoList.app; sourceTree = BUILT_PRODUCTS_DIR; };
		40B6EDCF29B82B0B0000A0F5 /* GoDoListApp.swift */ = {isa = PBXFileReference; lastKnownFileType = sourcecode.swift; path = GoDoListApp.swift; sourceTree = "<group>"; };
		40B6EDD129B82B0B0000A0F5 /* HomeView.swift */ = {isa = PBXFileReference; lastKnownFileType = sourcecode.swift; path = HomeView.swift; sourceTree = "<group>"; };
		40B6EDD329B82B0C0000A0F5 /* Assets.xcassets */ = {isa = PBXFileReference; lastKnownFileType = folder.assetcatalog; path = Assets.xcassets; sourceTree = "<group>"; };
		40B6EDD629B82B0C0000A0F5 /* Preview Assets.xcassets */ = {isa = PBXFileReference; lastKnownFileType = folder.assetcatalog; path = "Preview Assets.xcassets"; sourceTree = "<group>"; };
/* End PBXFileReference section */

/* Begin PBXFrameworksBuildPhase section */
		40B6EDC929B82B0B0000A0F5 /* Frameworks */ = {
			isa = PBXFrameworksBuildPhase;
			buildActionMask = 2147483647;
			files = (
			);
			runOnlyForDeploymentPostprocessing = 0;
		};
/* End PBXFrameworksBuildPhase section */

/* Begin PBXGroup section */
		404AD7EB29BEE74100B5981D /* Mock */ = {
			isa = PBXGroup;
			children = (
				404AD7F029BEE7EF00B5981D /* ItemNavbarList.json */,
			);
			path = Mock;
			sourceTree = "<group>";
		};
		404AD7F429BEE9F300B5981D /* Services */ = {
			isa = PBXGroup;
			children = (
				404AD7F529BEEA1D00B5981D /* NetworkError.swift */,
			);
			path = Services;
			sourceTree = "<group>";
		};
		4082781229B82DC4008499F0 /* Utils */ = {
			isa = PBXGroup;
			children = (
				404AD7EB29BEE74100B5981D /* Mock */,
				4082781329B82DD6008499F0 /* Constants.swift */,
				404AD7F229BEE8E900B5981D /* Utils.swift */,
			);
			path = Utils;
			sourceTree = "<group>";
		};
		4082781529B82DEF008499F0 /* Extensions */ = {
			isa = PBXGroup;
			children = (
				4082781629B82E02008499F0 /* Color+Extensions.swift */,
			);
			path = Extensions;
			sourceTree = "<group>";
		};
		4082781829B82E29008499F0 /* Components */ = {
			isa = PBXGroup;
			children = (
				4082781C29B82E5B008499F0 /* Header */,
				4082781929B82E30008499F0 /* Card */,
				4082782629B836DB008499F0 /* TabView */,
			);
			path = Components;
			sourceTree = "<group>";
		};
		4082781929B82E30008499F0 /* Card */ = {
			isa = PBXGroup;
			children = (
				4082781A29B82E40008499F0 /* Card.swift */,
			);
			path = Card;
			sourceTree = "<group>";
		};
		4082781C29B82E5B008499F0 /* Header */ = {
			isa = PBXGroup;
			children = (
				4082781D29B82E67008499F0 /* ItemNavbar */,
			);
			path = Header;
			sourceTree = "<group>";
		};
		4082781D29B82E67008499F0 /* ItemNavbar */ = {
			isa = PBXGroup;
			children = (
				4082781E29B82E89008499F0 /* ItemNavbarView.swift */,
				404AD7E529BEDCB900B5981D /* ItemNavbarConstants.swift */,
				404AD7E729BEDE3800B5981D /* ItemNavbarModel.swift */,
				404AD7E929BEE2EE00B5981D /* ItemNavbarViewModel.swift */,
			);
			path = ItemNavbar;
			sourceTree = "<group>";
		};
		4082782029B82EA2008499F0 /* Shapes */ = {
			isa = PBXGroup;
			children = (
				4082782129B82EB3008499F0 /* CustomRectangle.swift */,
			);
			path = Shapes;
			sourceTree = "<group>";
		};
		4082782329B83667008499F0 /* Home */ = {
			isa = PBXGroup;
			children = (
				4082782B29B83B0D008499F0 /* View */,
			);
			path = Home;
			sourceTree = "<group>";
		};
		4082782629B836DB008499F0 /* TabView */ = {
			isa = PBXGroup;
			children = (
				4082782729B836EB008499F0 /* TabViewMain.swift */,
				4082782929B83744008499F0 /* TabViewIcons.swift */,
			);
			path = TabView;
			sourceTree = "<group>";
		};
		4082782B29B83B0D008499F0 /* View */ = {
			isa = PBXGroup;
			children = (
				40B6EDD129B82B0B0000A0F5 /* HomeView.swift */,
			);
			path = View;
			sourceTree = "<group>";
		};
		40B6EDC329B82B0B0000A0F5 = {
			isa = PBXGroup;
			children = (
				40B6EDCE29B82B0B0000A0F5 /* GoDoList */,
				40B6EDCD29B82B0B0000A0F5 /* Products */,
			);
			sourceTree = "<group>";
		};
		40B6EDCD29B82B0B0000A0F5 /* Products */ = {
			isa = PBXGroup;
			children = (
				40B6EDCC29B82B0B0000A0F5 /* GoDoList.app */,
			);
			name = Products;
			sourceTree = "<group>";
		};
		40B6EDCE29B82B0B0000A0F5 /* GoDoList */ = {
			isa = PBXGroup;
			children = (
				404AD7F429BEE9F300B5981D /* Services */,
				4082782329B83667008499F0 /* Home */,
				4082782029B82EA2008499F0 /* Shapes */,
				4082781829B82E29008499F0 /* Components */,
				4082781529B82DEF008499F0 /* Extensions */,
				4082781229B82DC4008499F0 /* Utils */,
				40B6EDCF29B82B0B0000A0F5 /* GoDoListApp.swift */,
				40B6EDD329B82B0C0000A0F5 /* Assets.xcassets */,
				40B6EDD529B82B0C0000A0F5 /* Preview Content */,
			);
			path = GoDoList;
			sourceTree = "<group>";
		};
		40B6EDD529B82B0C0000A0F5 /* Preview Content */ = {
			isa = PBXGroup;
			children = (
				40B6EDD629B82B0C0000A0F5 /* Preview Assets.xcassets */,
			);
			path = "Preview Content";
			sourceTree = "<group>";
		};
/* End PBXGroup section */

/* Begin PBXNativeTarget section */
		40B6EDCB29B82B0B0000A0F5 /* GoDoList */ = {
			isa = PBXNativeTarget;
			buildConfigurationList = 40B6EDDA29B82B0C0000A0F5 /* Build configuration list for PBXNativeTarget "GoDoList" */;
			buildPhases = (
				40B6EDC829B82B0B0000A0F5 /* Sources */,
				40B6EDC929B82B0B0000A0F5 /* Frameworks */,
				40B6EDCA29B82B0B0000A0F5 /* Resources */,
			);
			buildRules = (
			);
			dependencies = (
			);
			name = GoDoList;
			productName = GoDoList;
			productReference = 40B6EDCC29B82B0B0000A0F5 /* GoDoList.app */;
			productType = "com.apple.product-type.application";
		};
/* End PBXNativeTarget section */

/* Begin PBXProject section */
		40B6EDC429B82B0B0000A0F5 /* Project object */ = {
			isa = PBXProject;
			attributes = {
				BuildIndependentTargetsInParallel = 1;
				LastSwiftUpdateCheck = 1420;
				LastUpgradeCheck = 1420;
				TargetAttributes = {
					40B6EDCB29B82B0B0000A0F5 = {
						CreatedOnToolsVersion = 14.2;
					};
				};
			};
			buildConfigurationList = 40B6EDC729B82B0B0000A0F5 /* Build configuration list for PBXProject "GoDoList" */;
			compatibilityVersion = "Xcode 14.0";
			developmentRegion = en;
			hasScannedForEncodings = 0;
			knownRegions = (
				en,
				Base,
			);
			mainGroup = 40B6EDC329B82B0B0000A0F5;
			productRefGroup = 40B6EDCD29B82B0B0000A0F5 /* Products */;
			projectDirPath = "";
			projectRoot = "";
			targets = (
				40B6EDCB29B82B0B0000A0F5 /* GoDoList */,
			);
		};
/* End PBXProject section */

/* Begin PBXResourcesBuildPhase section */
		40B6EDCA29B82B0B0000A0F5 /* Resources */ = {
			isa = PBXResourcesBuildPhase;
			buildActionMask = 2147483647;
			files = (
				404AD7F129BEE7EF00B5981D /* ItemNavbarList.json in Resources */,
				40B6EDD729B82B0C0000A0F5 /* Preview Assets.xcassets in Resources */,
				40B6EDD429B82B0C0000A0F5 /* Assets.xcassets in Resources */,
			);
			runOnlyForDeploymentPostprocessing = 0;
		};
/* End PBXResourcesBuildPhase section */

/* Begin PBXSourcesBuildPhase section */
		40B6EDC829B82B0B0000A0F5 /* Sources */ = {
			isa = PBXSourcesBuildPhase;
			buildActionMask = 2147483647;
			files = (
				4082782229B82EB3008499F0 /* CustomRectangle.swift in Sources */,
				404AD7F629BEEA1D00B5981D /* NetworkError.swift in Sources */,
				40B6EDD229B82B0B0000A0F5 /* HomeView.swift in Sources */,
				404AD7E829BEDE3800B5981D /* ItemNavbarModel.swift in Sources */,
				4082782829B836EB008499F0 /* TabViewMain.swift in Sources */,
				40B6EDD029B82B0B0000A0F5 /* GoDoListApp.swift in Sources */,
				404AD7F329BEE8E900B5981D /* Utils.swift in Sources */,
				404AD7EA29BEE2EE00B5981D /* ItemNavbarViewModel.swift in Sources */,
				4082781B29B82E40008499F0 /* Card.swift in Sources */,
				4082781429B82DD6008499F0 /* Constants.swift in Sources */,
				4082781F29B82E89008499F0 /* ItemNavbarView.swift in Sources */,
				4082781729B82E02008499F0 /* Color+Extensions.swift in Sources */,
				404AD7E629BEDCB900B5981D /* ItemNavbarConstants.swift in Sources */,
				4082782A29B83744008499F0 /* TabViewIcons.swift in Sources */,
			);
			runOnlyForDeploymentPostprocessing = 0;
		};
/* End PBXSourcesBuildPhase section */

/* Begin XCBuildConfiguration section */
		40B6EDD829B82B0C0000A0F5 /* Debug */ = {
			isa = XCBuildConfiguration;
			buildSettings = {
				ALWAYS_SEARCH_USER_PATHS = NO;
				CLANG_ANALYZER_NONNULL = YES;
				CLANG_ANALYZER_NUMBER_OBJECT_CONVERSION = YES_AGGRESSIVE;
				CLANG_CXX_LANGUAGE_STANDARD = "gnu++20";
				CLANG_ENABLE_MODULES = YES;
				CLANG_ENABLE_OBJC_ARC = YES;
				CLANG_ENABLE_OBJC_WEAK = YES;
				CLANG_WARN_BLOCK_CAPTURE_AUTORELEASING = YES;
				CLANG_WARN_BOOL_CONVERSION = YES;
				CLANG_WARN_COMMA = YES;
				CLANG_WARN_CONSTANT_CONVERSION = YES;
				CLANG_WARN_DEPRECATED_OBJC_IMPLEMENTATIONS = YES;
				CLANG_WARN_DIRECT_OBJC_ISA_USAGE = YES_ERROR;
				CLANG_WARN_DOCUMENTATION_COMMENTS = YES;
				CLANG_WARN_EMPTY_BODY = YES;
				CLANG_WARN_ENUM_CONVERSION = YES;
				CLANG_WARN_INFINITE_RECURSION = YES;
				CLANG_WARN_INT_CONVERSION = YES;
				CLANG_WARN_NON_LITERAL_NULL_CONVERSION = YES;
				CLANG_WARN_OBJC_IMPLICIT_RETAIN_SELF = YES;
				CLANG_WARN_OBJC_LITERAL_CONVERSION = YES;
				CLANG_WARN_OBJC_ROOT_CLASS = YES_ERROR;
				CLANG_WARN_QUOTED_INCLUDE_IN_FRAMEWORK_HEADER = YES;
				CLANG_WARN_RANGE_LOOP_ANALYSIS = YES;
				CLANG_WARN_STRICT_PROTOTYPES = YES;
				CLANG_WARN_SUSPICIOUS_MOVE = YES;
				CLANG_WARN_UNGUARDED_AVAILABILITY = YES_AGGRESSIVE;
				CLANG_WARN_UNREACHABLE_CODE = YES;
				CLANG_WARN__DUPLICATE_METHOD_MATCH = YES;
				COPY_PHASE_STRIP = NO;
				DEBUG_INFORMATION_FORMAT = dwarf;
				ENABLE_STRICT_OBJC_MSGSEND = YES;
				ENABLE_TESTABILITY = YES;
				GCC_C_LANGUAGE_STANDARD = gnu11;
				GCC_DYNAMIC_NO_PIC = NO;
				GCC_NO_COMMON_BLOCKS = YES;
				GCC_OPTIMIZATION_LEVEL = 0;
				GCC_PREPROCESSOR_DEFINITIONS = (
					"DEBUG=1",
					"$(inherited)",
				);
				GCC_WARN_64_TO_32_BIT_CONVERSION = YES;
				GCC_WARN_ABOUT_RETURN_TYPE = YES_ERROR;
				GCC_WARN_UNDECLARED_SELECTOR = YES;
				GCC_WARN_UNINITIALIZED_AUTOS = YES_AGGRESSIVE;
				GCC_WARN_UNUSED_FUNCTION = YES;
				GCC_WARN_UNUSED_VARIABLE = YES;
				IPHONEOS_DEPLOYMENT_TARGET = 16.2;
				MTL_ENABLE_DEBUG_INFO = INCLUDE_SOURCE;
				MTL_FAST_MATH = YES;
				ONLY_ACTIVE_ARCH = YES;
				SDKROOT = iphoneos;
				SWIFT_ACTIVE_COMPILATION_CONDITIONS = DEBUG;
				SWIFT_OPTIMIZATION_LEVEL = "-Onone";
			};
			name = Debug;
		};
		40B6EDD929B82B0C0000A0F5 /* Release */ = {
			isa = XCBuildConfiguration;
			buildSettings = {
				ALWAYS_SEARCH_USER_PATHS = NO;
				CLANG_ANALYZER_NONNULL = YES;
				CLANG_ANALYZER_NUMBER_OBJECT_CONVERSION = YES_AGGRESSIVE;
				CLANG_CXX_LANGUAGE_STANDARD = "gnu++20";
				CLANG_ENABLE_MODULES = YES;
				CLANG_ENABLE_OBJC_ARC = YES;
				CLANG_ENABLE_OBJC_WEAK = YES;
				CLANG_WARN_BLOCK_CAPTURE_AUTORELEASING = YES;
				CLANG_WARN_BOOL_CONVERSION = YES;
				CLANG_WARN_COMMA = YES;
				CLANG_WARN_CONSTANT_CONVERSION = YES;
				CLANG_WARN_DEPRECATED_OBJC_IMPLEMENTATIONS = YES;
				CLANG_WARN_DIRECT_OBJC_ISA_USAGE = YES_ERROR;
				CLANG_WARN_DOCUMENTATION_COMMENTS = YES;
				CLANG_WARN_EMPTY_BODY = YES;
				CLANG_WARN_ENUM_CONVERSION = YES;
				CLANG_WARN_INFINITE_RECURSION = YES;
				CLANG_WARN_INT_CONVERSION = YES;
				CLANG_WARN_NON_LITERAL_NULL_CONVERSION = YES;
				CLANG_WARN_OBJC_IMPLICIT_RETAIN_SELF = YES;
				CLANG_WARN_OBJC_LITERAL_CONVERSION = YES;
				CLANG_WARN_OBJC_ROOT_CLASS = YES_ERROR;
				CLANG_WARN_QUOTED_INCLUDE_IN_FRAMEWORK_HEADER = YES;
				CLANG_WARN_RANGE_LOOP_ANALYSIS = YES;
				CLANG_WARN_STRICT_PROTOTYPES = YES;
				CLANG_WARN_SUSPICIOUS_MOVE = YES;
				CLANG_WARN_UNGUARDED_AVAILABILITY = YES_AGGRESSIVE;
				CLANG_WARN_UNREACHABLE_CODE = YES;
				CLANG_WARN__DUPLICATE_METHOD_MATCH = YES;
				COPY_PHASE_STRIP = NO;
				DEBUG_INFORMATION_FORMAT = "dwarf-with-dsym";
				ENABLE_NS_ASSERTIONS = NO;
				ENABLE_STRICT_OBJC_MSGSEND = YES;
				GCC_C_LANGUAGE_STANDARD = gnu11;
				GCC_NO_COMMON_BLOCKS = YES;
				GCC_WARN_64_TO_32_BIT_CONVERSION = YES;
				GCC_WARN_ABOUT_RETURN_TYPE = YES_ERROR;
				GCC_WARN_UNDECLARED_SELECTOR = YES;
				GCC_WARN_UNINITIALIZED_AUTOS = YES_AGGRESSIVE;
				GCC_WARN_UNUSED_FUNCTION = YES;
				GCC_WARN_UNUSED_VARIABLE = YES;
				IPHONEOS_DEPLOYMENT_TARGET = 16.2;
				MTL_ENABLE_DEBUG_INFO = NO;
				MTL_FAST_MATH = YES;
				SDKROOT = iphoneos;
				SWIFT_COMPILATION_MODE = wholemodule;
				SWIFT_OPTIMIZATION_LEVEL = "-O";
				VALIDATE_PRODUCT = YES;
			};
			name = Release;
		};
		40B6EDDB29B82B0C0000A0F5 /* Debug */ = {
			isa = XCBuildConfiguration;
			buildSettings = {
				ASSETCATALOG_COMPILER_APPICON_NAME = AppIcon;
				ASSETCATALOG_COMPILER_GLOBAL_ACCENT_COLOR_NAME = AccentColor;
				CODE_SIGN_STYLE = Automatic;
				CURRENT_PROJECT_VERSION = 1;
				DEVELOPMENT_ASSET_PATHS = "\"GoDoList/Preview Content\"";
				DEVELOPMENT_TEAM = RJNWKKQ88P;
				ENABLE_PREVIEWS = YES;
				GENERATE_INFOPLIST_FILE = YES;
				INFOPLIST_KEY_UIApplicationSceneManifest_Generation = YES;
				INFOPLIST_KEY_UIApplicationSupportsIndirectInputEvents = YES;
				INFOPLIST_KEY_UILaunchScreen_Generation = YES;
				INFOPLIST_KEY_UISupportedInterfaceOrientations = UIInterfaceOrientationPortrait;
				INFOPLIST_KEY_UISupportedInterfaceOrientations_iPad = "UIInterfaceOrientationPortrait UIInterfaceOrientationPortraitUpsideDown";
				LD_RUNPATH_SEARCH_PATHS = (
					"$(inherited)",
					"@executable_path/Frameworks",
				);
				MARKETING_VERSION = 1.0;
				PRODUCT_BUNDLE_IDENTIFIER = com.fabian.GoDoList;
				PRODUCT_NAME = "$(TARGET_NAME)";
				SUPPORTED_PLATFORMS = "iphoneos iphonesimulator";
				SUPPORTS_MACCATALYST = NO;
				SUPPORTS_MAC_DESIGNED_FOR_IPHONE_IPAD = NO;
				SWIFT_EMIT_LOC_STRINGS = YES;
				SWIFT_VERSION = 5.0;
				TARGETED_DEVICE_FAMILY = "1,2";
			};
			name = Debug;
		};
		40B6EDDC29B82B0C0000A0F5 /* Release */ = {
			isa = XCBuildConfiguration;
			buildSettings = {
				ASSETCATALOG_COMPILER_APPICON_NAME = AppIcon;
				ASSETCATALOG_COMPILER_GLOBAL_ACCENT_COLOR_NAME = AccentColor;
				CODE_SIGN_STYLE = Automatic;
				CURRENT_PROJECT_VERSION = 1;
				DEVELOPMENT_ASSET_PATHS = "\"GoDoList/Preview Content\"";
				DEVELOPMENT_TEAM = RJNWKKQ88P;
				ENABLE_PREVIEWS = YES;
				GENERATE_INFOPLIST_FILE = YES;
				INFOPLIST_KEY_UIApplicationSceneManifest_Generation = YES;
				INFOPLIST_KEY_UIApplicationSupportsIndirectInputEvents = YES;
				INFOPLIST_KEY_UILaunchScreen_Generation = YES;
				INFOPLIST_KEY_UISupportedInterfaceOrientations = UIInterfaceOrientationPortrait;
				INFOPLIST_KEY_UISupportedInterfaceOrientations_iPad = "UIInterfaceOrientationPortrait UIInterfaceOrientationPortraitUpsideDown";
				LD_RUNPATH_SEARCH_PATHS = (
					"$(inherited)",
					"@executable_path/Frameworks",
				);
				MARKETING_VERSION = 1.0;
				PRODUCT_BUNDLE_IDENTIFIER = com.fabian.GoDoList;
				PRODUCT_NAME = "$(TARGET_NAME)";
				SUPPORTED_PLATFORMS = "iphoneos iphonesimulator";
				SUPPORTS_MACCATALYST = NO;
				SUPPORTS_MAC_DESIGNED_FOR_IPHONE_IPAD = NO;
				SWIFT_EMIT_LOC_STRINGS = YES;
				SWIFT_VERSION = 5.0;
				TARGETED_DEVICE_FAMILY = "1,2";
			};
			name = Release;
		};
/* End XCBuildConfiguration section */

/* Begin XCConfigurationList section */
		40B6EDC729B82B0B0000A0F5 /* Build configuration list for PBXProject "GoDoList" */ = {
			isa = XCConfigurationList;
			buildConfigurations = (
				40B6EDD829B82B0C0000A0F5 /* Debug */,
				40B6EDD929B82B0C0000A0F5 /* Release */,
			);
			defaultConfigurationIsVisible = 0;
			defaultConfigurationName = Release;
		};
		40B6EDDA29B82B0C0000A0F5 /* Build configuration list for PBXNativeTarget "GoDoList" */ = {
			isa = XCConfigurationList;
			buildConfigurations = (
				40B6EDDB29B82B0C0000A0F5 /* Debug */,
				40B6EDDC29B82B0C0000A0F5 /* Release */,
			);
			defaultConfigurationIsVisible = 0;
			defaultConfigurationName = Release;
		};
/* End XCConfigurationList section */
	};
	rootObject = 40B6EDC429B82B0B0000A0F5 /* Project object */;
}
